{
  "name": "mandelbulb",
  "version": "1.0.0",
  "lockfileVersion": 2,
  "requires": true,
  "packages": {
    "": {
      "name": "mandelbulb",
      "version": "1.0.0",
      "license": "ISC",
      "dependencies": {
        "@three-ts/orbit-controls": "^1.4.7",
        "lil-gui": "^0.16.1",
        "stats-js": "^1.0.1",
        "three": "^0.138.3"
      },
      "devDependencies": {
        "@types/three": "^0.138.0",
        "typescript": "^4.6.2"
      }
    },
    "node_modules/@three-ts/orbit-controls": {
      "version": "1.4.7",
      "resolved": "https://registry.npmjs.org/@three-ts/orbit-controls/-/orbit-controls-1.4.7.tgz",
      "integrity": "sha512-1OVZnc2VTHCoHberL50LBbltjnqVpOBhmuJwKPqzn6sThQwvVU1E13cpuJ2SWWOMoMLF+4hE3ICi4KHsZA/CJw==",
      "dependencies": {
        "three": "^0.126.1"
      }
    },
    "node_modules/@three-ts/orbit-controls/node_modules/three": {
      "version": "0.126.1",
      "resolved": "https://registry.npmjs.org/three/-/three-0.126.1.tgz",
      "integrity": "sha512-eOEXnZeE1FDV0XgL1u08auIP13jxdN9LQBAEmlErYzMxtIIfuGIAZbijOyookALUhqVzVOx0Tywj6n192VM+nQ=="
    },
    "node_modules/@types/three": {
      "version": "0.138.0",
      "resolved": "https://registry.npmjs.org/@types/three/-/three-0.138.0.tgz",
      "integrity": "sha512-D8AoV7h2kbCfrv/DcebHOFh1WDwyus3HdooBkAwcBikXArdqnsQ38PQ85JCunnvun160oA9jz53GszF3zch3tg==",
      "dev": true
    },
    "node_modules/lil-gui": {
      "version": "0.16.1",
      "resolved": "https://registry.npmjs.org/lil-gui/-/lil-gui-0.16.1.tgz",
      "integrity": "sha512-6wnnfBvQxJYRhdLyIA+w5b8utwbuVxNmtpTXElm36OSgHa8lyKp00Xz/4AEx3kvodT0AJYgbfadCFWAM0Q8DgQ=="
    },
    "node_modules/stats-js": {
      "version": "1.0.1",
      "resolved": "https://registry.npmjs.org/stats-js/-/stats-js-1.0.1.tgz",
      "integrity": "sha512-EAwEFghGNv8mlYC4CZzI5kWghsnP8uBKXw6VLRHtXkOk5xySfUKLTqTkjgJFfDluIkf/O7eZwi5MXP50VeTbUg=="
    },
    "node_modules/three": {
      "version": "0.138.3",
      "resolved": "https://registry.npmjs.org/three/-/three-0.138.3.tgz",
      "integrity": "sha512-4t1cKC8gimNyJChJbaklg8W/qj3PpsLJUIFm5LIuAy/hVxxNm1ru2FGTSfbTSsuHmC/7ipsyuGKqrSAKLNtkzg=="
    },
    "node_modules/typescript": {
      "version": "4.6.2",
      "resolved": "https://registry.npmjs.org/typescript/-/typescript-4.6.2.tgz",
      "integrity": "sha512-HM/hFigTBHZhLXshn9sN37H085+hQGeJHJ/X7LpBWLID/fbc2acUMfU+lGD98X81sKP+pFa9f0DZmCwB9GnbAg==",
      "dev": true,
      "bin": {
        "tsc": "bin/tsc",
        "tsserver": "bin/tsserver"
      },
      "engines": {
        "node": ">=4.2.0"
      }
    }
  },
  "dependencies": {
    "@three-ts/orbit-controls": {
      "version": "1.4.7",
      "resolved": "https://registry.npmjs.org/@three-ts/orbit-controls/-/orbit-controls-1.4.7.tgz",
      "integrity": "sha512-1OVZnc2VTHCoHberL50LBbltjnqVpOBhmuJwKPqzn6sThQwvVU1E13cpuJ2SWWOMoMLF+4hE3ICi4KHsZA/CJw==",
      "requires": {
        "three": "^0.126.1"
      },
      "dependencies": {
        "three": {
          "version": "0.126.1",
          "resolved": "https://registry.npmjs.org/three/-/three-0.126.1.tgz",
          "integrity": "sha512-eOEXnZeE1FDV0XgL1u08auIP13jxdN9LQBAEmlErYzMxtIIfuGIAZbijOyookALUhqVzVOx0Tywj6n192VM+nQ=="
        }
      }
    },
    "@types/three": {
      "version": "0.138.0",
      "resolved": "https://registry.npmjs.org/@types/three/-/three-0.138.0.tgz",
      "integrity": "sha512-D8AoV7h2kbCfrv/DcebHOFh1WDwyus3HdooBkAwcBikXArdqnsQ38PQ85JCunnvun160oA9jz53GszF3zch3tg==",
      "dev": true
    },
    "lil-gui": {
      "version": "0.16.1",
      "resolved": "https://registry.npmjs.org/lil-gui/-/lil-gui-0.16.1.tgz",
      "integrity": "sha512-6wnnfBvQxJYRhdLyIA+w5b8utwbuVxNmtpTXElm36OSgHa8lyKp00Xz/4AEx3kvodT0AJYgbfadCFWAM0Q8DgQ=="
    },
    "stats-js": {
      "version": "1.0.1",
      "resolved": "https://registry.npmjs.org/stats-js/-/stats-js-1.0.1.tgz",
      "integrity": "sha512-EAwEFghGNv8mlYC4CZzI5kWghsnP8uBKXw6VLRHtXkOk5xySfUKLTqTkjgJFfDluIkf/O7eZwi5MXP50VeTbUg=="
    },
    "three": {
      "version": "0.138.3",
      "resolved": "https://registry.npmjs.org/three/-/three-0.138.3.tgz",
      "integrity": "sha512-4t1cKC8gimNyJChJbaklg8W/qj3PpsLJUIFm5LIuAy/hVxxNm1ru2FGTSfbTSsuHmC/7ipsyuGKqrSAKLNtkzg=="
    },
    "typescript": {
      "version": "4.6.2",
      "resolved": "https://registry.npmjs.org/typescript/-/typescript-4.6.2.tgz",
      "integrity": "sha512-HM/hFigTBHZhLXshn9sN37H085+hQGeJHJ/X7LpBWLID/fbc2acUMfU+lGD98X81sKP+pFa9f0DZmCwB9GnbAg==",
      "dev": true
    }
  }
}
